// !$*UTF8*$!
{
	archiveVersion = 1;
	classes = {
	};
	objectVersion = 46;
	objects = {

/* Begin PBXBuildFile section */
		3A345CEF1F72998200D63C0F /* AppDelegate.swift in Sources */ = {isa = PBXBuildFile; fileRef = 3A345CEE1F72998200D63C0F /* AppDelegate.swift */; };
		3A345CF11F72998200D63C0F /* ViewController.swift in Sources */ = {isa = PBXBuildFile; fileRef = 3A345CF01F72998200D63C0F /* ViewController.swift */; };
		3A345CF41F72998200D63C0F /* Main.storyboard in Resources */ = {isa = PBXBuildFile; fileRef = 3A345CF21F72998200D63C0F /* Main.storyboard */; };
		3A345CF61F72998200D63C0F /* Assets.xcassets in Resources */ = {isa = PBXBuildFile; fileRef = 3A345CF51F72998200D63C0F /* Assets.xcassets */; };
		3A345CF91F72998200D63C0F /* LaunchScreen.storyboard in Resources */ = {isa = PBXBuildFile; fileRef = 3A345CF71F72998200D63C0F /* LaunchScreen.storyboard */; };
		3A345D011F7299E400D63C0F /* AlertViewController.swift in Sources */ = {isa = PBXBuildFile; fileRef = 3A345D001F7299E400D63C0F /* AlertViewController.swift */; };
		3A345D091F72A06200D63C0F /* VKAlertViewTests.swift in Sources */ = {isa = PBXBuildFile; fileRef = 3A345D081F72A06200D63C0F /* VKAlertViewTests.swift */; };
		3A345D111F72EBAD00D63C0F /* AlertViewController.swift in Sources */ = {isa = PBXBuildFile; fileRef = 3A345D001F7299E400D63C0F /* AlertViewController.swift */; };
/* End PBXBuildFile section */

/* Begin PBXContainerItemProxy section */
		3A345D0B1F72A06200D63C0F /* PBXContainerItemProxy */ = {
			isa = PBXContainerItemProxy;
			containerPortal = 3A345CE31F72998200D63C0F /* Project object */;
			proxyType = 1;
			remoteGlobalIDString = 3A345CEA1F72998200D63C0F;
			remoteInfo = VKAlertView;
		};
/* End PBXContainerItemProxy section */

/* Begin PBXFileReference section */
		3A345CEB1F72998200D63C0F /* VKAlertView.app */ = {isa = PBXFileReference; explicitFileType = wrapper.application; includeInIndex = 0; path = VKAlertView.app; sourceTree = BUILT_PRODUCTS_DIR; };
		3A345CEE1F72998200D63C0F /* AppDelegate.swift */ = {isa = PBXFileReference; lastKnownFileType = sourcecode.swift; path = AppDelegate.swift; sourceTree = "<group>"; };
		3A345CF01F72998200D63C0F /* ViewController.swift */ = {isa = PBXFileReference; lastKnownFileType = sourcecode.swift; path = ViewController.swift; sourceTree = "<group>"; };
		3A345CF31F72998200D63C0F /* Base */ = {isa = PBXFileReference; lastKnownFileType = file.storyboard; name = Base; path = Base.lproj/Main.storyboard; sourceTree = "<group>"; };
		3A345CF51F72998200D63C0F /* Assets.xcassets */ = {isa = PBXFileReference; lastKnownFileType = folder.assetcatalog; path = Assets.xcassets; sourceTree = "<group>"; };
		3A345CF81F72998200D63C0F /* Base */ = {isa = PBXFileReference; lastKnownFileType = file.storyboard; name = Base; path = Base.lproj/LaunchScreen.storyboard; sourceTree = "<group>"; };
		3A345CFA1F72998200D63C0F /* Info.plist */ = {isa = PBXFileReference; lastKnownFileType = text.plist.xml; path = Info.plist; sourceTree = "<group>"; };
		3A345D001F7299E400D63C0F /* AlertViewController.swift */ = {isa = PBXFileReference; fileEncoding = 4; lastKnownFileType = sourcecode.swift; path = AlertViewController.swift; sourceTree = "<group>"; };
		3A345D061F72A06200D63C0F /* VKAlertViewTests.xctest */ = {isa = PBXFileReference; explicitFileType = wrapper.cfbundle; includeInIndex = 0; path = VKAlertViewTests.xctest; sourceTree = BUILT_PRODUCTS_DIR; };
		3A345D081F72A06200D63C0F /* VKAlertViewTests.swift */ = {isa = PBXFileReference; lastKnownFileType = sourcecode.swift; path = VKAlertViewTests.swift; sourceTree = "<group>"; };
		3A345D0A1F72A06200D63C0F /* Info.plist */ = {isa = PBXFileReference; lastKnownFileType = text.plist.xml; path = Info.plist; sourceTree = "<group>"; };
/* End PBXFileReference section */

/* Begin PBXFrameworksBuildPhase section */
		3A345CE81F72998200D63C0F /* Frameworks */ = {
			isa = PBXFrameworksBuildPhase;
			buildActionMask = 2147483647;
			files = (
			);
			runOnlyForDeploymentPostprocessing = 0;
		};
		3A345D031F72A06200D63C0F /* Frameworks */ = {
			isa = PBXFrameworksBuildPhase;
			buildActionMask = 2147483647;
			files = (
			);
			runOnlyForDeploymentPostprocessing = 0;
		};
/* End PBXFrameworksBuildPhase section */

/* Begin PBXGroup section */
		3A345CE21F72998200D63C0F = {
			isa = PBXGroup;
			children = (
				3A345CED1F72998200D63C0F /* VKAlertView */,
				3A345D071F72A06200D63C0F /* VKAlertViewTests */,
				3A345CEC1F72998200D63C0F /* Products */,
			);
			sourceTree = "<group>";
		};
		3A345CEC1F72998200D63C0F /* Products */ = {
			isa = PBXGroup;
			children = (
				3A345CEB1F72998200D63C0F /* VKAlertView.app */,
				3A345D061F72A06200D63C0F /* VKAlertViewTests.xctest */,
			);
			name = Products;
			sourceTree = "<group>";
		};
		3A345CED1F72998200D63C0F /* VKAlertView */ = {
			isa = PBXGroup;
			children = (
				3A345CEE1F72998200D63C0F /* AppDelegate.swift */,
				3A345CF01F72998200D63C0F /* ViewController.swift */,
				3A345CF21F72998200D63C0F /* Main.storyboard */,
				3A345CF51F72998200D63C0F /* Assets.xcassets */,
				3A345CF71F72998200D63C0F /* LaunchScreen.storyboard */,
				3A345CFA1F72998200D63C0F /* Info.plist */,
				3A345D001F7299E400D63C0F /* AlertViewController.swift */,
			);
			path = VKAlertView;
			sourceTree = "<group>";
		};
		3A345D071F72A06200D63C0F /* VKAlertViewTests */ = {
			isa = PBXGroup;
			children = (
				3A345D081F72A06200D63C0F /* VKAlertViewTests.swift */,
				3A345D0A1F72A06200D63C0F /* Info.plist */,
			);
			path = VKAlertViewTests;
			sourceTree = "<group>";
		};
/* End PBXGroup section */

/* Begin PBXNativeTarget section */
		3A345CEA1F72998200D63C0F /* VKAlertView */ = {
			isa = PBXNativeTarget;
			buildConfigurationList = 3A345CFD1F72998200D63C0F /* Build configuration list for PBXNativeTarget "VKAlertView" */;
			buildPhases = (
				3A345CE71F72998200D63C0F /* Sources */,
				3A345CE81F72998200D63C0F /* Frameworks */,
				3A345CE91F72998200D63C0F /* Resources */,
			);
			buildRules = (
			);
			dependencies = (
			);
			name = VKAlertView;
			productName = VKAlertView;
			productReference = 3A345CEB1F72998200D63C0F /* VKAlertView.app */;
			productType = "com.apple.product-type.application";
		};
		3A345D051F72A06200D63C0F /* VKAlertViewTests */ = {
			isa = PBXNativeTarget;
			buildConfigurationList = 3A345D0D1F72A06200D63C0F /* Build configuration list for PBXNativeTarget "VKAlertViewTests" */;
			buildPhases = (
				3A345D021F72A06200D63C0F /* Sources */,
				3A345D031F72A06200D63C0F /* Frameworks */,
				3A345D041F72A06200D63C0F /* Resources */,
			);
			buildRules = (
			);
			dependencies = (
				3A345D0C1F72A06200D63C0F /* PBXTargetDependency */,
			);
			name = VKAlertViewTests;
			productName = VKAlertViewTests;
			productReference = 3A345D061F72A06200D63C0F /* VKAlertViewTests.xctest */;
			productType = "com.apple.product-type.bundle.unit-test";
		};
/* End PBXNativeTarget section */

/* Begin PBXProject section */
		3A345CE31F72998200D63C0F /* Project object */ = {
			isa = PBXProject;
			attributes = {
				LastSwiftUpdateCheck = 0820;
				LastUpgradeCheck = 0820;
				ORGANIZATIONNAME = "Vinod Onkar";
				TargetAttributes = {
					3A345CEA1F72998200D63C0F = {
						CreatedOnToolsVersion = 8.2.1;
						DevelopmentTeam = 4EYK9HTWPJ;
						ProvisioningStyle = Automatic;
					};
					3A345D051F72A06200D63C0F = {
						CreatedOnToolsVersion = 8.2.1;
						ProvisioningStyle = Automatic;
						TestTargetID = 3A345CEA1F72998200D63C0F;
					};
				};
			};
			buildConfigurationList = 3A345CE61F72998200D63C0F /* Build configuration list for PBXProject "VKAlertView" */;
			compatibilityVersion = "Xcode 3.2";
			developmentRegion = English;
			hasScannedForEncodings = 0;
			knownRegions = (
				en,
				Base,
			);
			mainGroup = 3A345CE21F72998200D63C0F;
			productRefGroup = 3A345CEC1F72998200D63C0F /* Products */;
			projectDirPath = "";
			projectRoot = "";
			targets = (
				3A345CEA1F72998200D63C0F /* VKAlertView */,
				3A345D051F72A06200D63C0F /* VKAlertViewTests */,
			);
		};
/* End PBXProject section */

/* Begin PBXResourcesBuildPhase section */
		3A345CE91F72998200D63C0F /* Resources */ = {
			isa = PBXResourcesBuildPhase;
			buildActionMask = 2147483647;
			files = (
				3A345CF91F72998200D63C0F /* LaunchScreen.storyboard in Resources */,
				3A345CF61F72998200D63C0F /* Assets.xcassets in Resources */,
				3A345CF41F72998200D63C0F /* Main.storyboard in Resources */,
			);
			runOnlyForDeploymentPostprocessing = 0;
		};
		3A345D041F72A06200D63C0F /* Resources */ = {
			isa = PBXResourcesBuildPhase;
			buildActionMask = 2147483647;
			files = (
			);
			runOnlyForDeploymentPostprocessing = 0;
		};
/* End PBXResourcesBuildPhase section */

/* Begin PBXSourcesBuildPhase section */
		3A345CE71F72998200D63C0F /* Sources */ = {
			isa = PBXSourcesBuildPhase;
			buildActionMask = 2147483647;
			files = (
				3A345CF11F72998200D63C0F /* ViewController.swift in Sources */,
				3A345D011F7299E400D63C0F /* AlertViewController.swift in Sources */,
				3A345CEF1F72998200D63C0F /* AppDelegate.swift in Sources */,
			);
			runOnlyForDeploymentPostprocessing = 0;
		};
		3A345D021F72A06200D63C0F /* Sources */ = {
			isa = PBXSourcesBuildPhase;
			buildActionMask = 2147483647;
			files = (
				3A345D091F72A06200D63C0F /* VKAlertViewTests.swift in Sources */,
				3A345D111F72EBAD00D63C0F /* AlertViewController.swift in Sources */,
			);
			runOnlyForDeploymentPostprocessing = 0;
		};
/* End PBXSourcesBuildPhase section */

/* Begin PBXTargetDependency section */
		3A345D0C1F72A06200D63C0F /* PBXTargetDependency */ = {
			isa = PBXTargetDependency;
			target = 3A345CEA1F72998200D63C0F /* VKAlertView */;
			targetProxy = 3A345D0B1F72A06200D63C0F /* PBXContainerItemProxy */;
		};
/* End PBXTargetDependency section */

/* Begin PBXVariantGroup section */
		3A345CF21F72998200D63C0F /* Main.storyboard */ = {
			isa = PBXVariantGroup;
			children = (
				3A345CF31F72998200D63C0F /* Base */,
			);
			name = Main.storyboard;
			sourceTree = "<group>";
		};
		3A345CF71F72998200D63C0F /* LaunchScreen.storyboard */ = {
			isa = PBXVariantGroup;
			children = (
				3A345CF81F72998200D63C0F /* Base */,
			);
			name = LaunchScreen.storyboard;
			sourceTree = "<group>";
		};
/* End PBXVariantGroup section */

/* Begin XCBuildConfiguration section */
		3A345CFB1F72998200D63C0F /* Debug */ = {
			isa = XCBuildConfiguration;
			buildSettings = {
				ALWAYS_SEARCH_USER_PATHS = NO;
				CLANG_ANALYZER_NONNULL = YES;
				CLANG_CXX_LANGUAGE_STANDARD = "gnu++0x";
				CLANG_CXX_LIBRARY = "libc++";
				CLANG_ENABLE_MODULES = YES;
				CLANG_ENABLE_OBJC_ARC = YES;
				CLANG_WARN_BOOL_CONVERSION = YES;
				CLANG_WARN_CONSTANT_CONVERSION = YES;
				CLANG_WARN_DIRECT_OBJC_ISA_USAGE = YES_ERROR;
				CLANG_WARN_DOCUMENTATION_COMMENTS = YES;
				CLANG_WARN_EMPTY_BODY = YES;
				CLANG_WARN_ENUM_CONVERSION = YES;
				CLANG_WARN_INFINITE_RECURSION = YES;
				CLANG_WARN_INT_CONVERSION = YES;
				CLANG_WARN_OBJC_ROOT_CLASS = YES_ERROR;
				CLANG_WARN_SUSPICIOUS_MOVE = YES;
				CLANG_WARN_UNREACHABLE_CODE = YES;
				CLANG_WARN__DUPLICATE_METHOD_MATCH = YES;
				"CODE_SIGN_IDENTITY[sdk=iphoneos*]" = "iPhone Developer";
				COPY_PHASE_STRIP = NO;
				DEBUG_INFORMATION_FORMAT = dwarf;
				ENABLE_STRICT_OBJC_MSGSEND = YES;
				ENABLE_TESTABILITY = YES;
				GCC_C_LANGUAGE_STANDARD = gnu99;
				GCC_DYNAMIC_NO_PIC = NO;
				GCC_NO_COMMON_BLOCKS = YES;
				GCC_OPTIMIZATION_LEVEL = 0;
				GCC_PREPROCESSOR_DEFINITIONS = (
					"DEBUG=1",
					"$(inherited)",
				);
				GCC_WARN_64_TO_32_BIT_CONVERSION = YES;
				GCC_WARN_ABOUT_RETURN_TYPE = YES_ERROR;
				GCC_WARN_UNDECLARED_SELECTOR = YES;
				GCC_WARN_UNINITIALIZED_AUTOS = YES_AGGRESSIVE;
				GCC_WARN_UNUSED_FUNCTION = YES;
				GCC_WARN_UNUSED_VARIABLE = YES;
				IPHONEOS_DEPLOYMENT_TARGET = 10.2;
				MTL_ENABLE_DEBUG_INFO = YES;
				ONLY_ACTIVE_ARCH = YES;
				SDKROOT = iphoneos;
				SWIFT_ACTIVE_COMPILATION_CONDITIONS = DEBUG;
				SWIFT_OPTIMIZATION_LEVEL = "-Onone";
				TARGETED_DEVICE_FAMILY = "1,2";
			};
			name = Debug;
		};
		3A345CFC1F72998200D63C0F /* Release */ = {
			isa = XCBuildConfiguration;
			buildSettings = {
				ALWAYS_SEARCH_USER_PATHS = NO;
				CLANG_ANALYZER_NONNULL = YES;
				CLANG_CXX_LANGUAGE_STANDARD = "gnu++0x";
				CLANG_CXX_LIBRARY = "libc++";
				CLANG_ENABLE_MODULES = YES;
				CLANG_ENABLE_OBJC_ARC = YES;
				CLANG_WARN_BOOL_CONVERSION = YES;
				CLANG_WARN_CONSTANT_CONVERSION = YES;
				CLANG_WARN_DIRECT_OBJC_ISA_USAGE = YES_ERROR;
				CLANG_WARN_DOCUMENTATION_COMMENTS = YES;
				CLANG_WARN_EMPTY_BODY = YES;
				CLANG_WARN_ENUM_CONVERSION = YES;
				CLANG_WARN_INFINITE_RECURSION = YES;
				CLANG_WARN_INT_CONVERSION = YES;
				CLANG_WARN_OBJC_ROOT_CLASS = YES_ERROR;
				CLANG_WARN_SUSPICIOUS_MOVE = YES;
				CLANG_WARN_UNREACHABLE_CODE = YES;
				CLANG_WARN__DUPLICATE_METHOD_MATCH = YES;
				"CODE_SIGN_IDENTITY[sdk=iphoneos*]" = "iPhone Developer";
				COPY_PHASE_STRIP = NO;
				DEBUG_INFORMATION_FORMAT = "dwarf-with-dsym";
				ENABLE_NS_ASSERTIONS = NO;
				ENABLE_STRICT_OBJC_MSGSEND = YES;
				GCC_C_LANGUAGE_STANDARD = gnu99;
				GCC_NO_COMMON_BLOCKS = YES;
				GCC_WARN_64_TO_32_BIT_CONVERSION = YES;
				GCC_WARN_ABOUT_RETURN_TYPE = YES_ERROR;
				GCC_WARN_UNDECLARED_SELECTOR = YES;
				GCC_WARN_UNINITIALIZED_AUTOS = YES_AGGRESSIVE;
				GCC_WARN_UNUSED_FUNCTION = YES;
				GCC_WARN_UNUSED_VARIABLE = YES;
				IPHONEOS_DEPLOYMENT_TARGET = 10.2;
				MTL_ENABLE_DEBUG_INFO = NO;
				SDKROOT = iphoneos;
				SWIFT_OPTIMIZATION_LEVEL = "-Owholemodule";
				TARGETED_DEVICE_FAMILY = "1,2";
				VALIDATE_PRODUCT = YES;
			};
			name = Release;
		};
		3A345CFE1F72998200D63C0F /* Debug */ = {
			isa = XCBuildConfiguration;
			buildSettings = {
				ASSETCATALOG_COMPILER_APPICON_NAME = AppIcon;
				"CODE_SIGN_IDENTITY[sdk=iphoneos*]" = "iPhone Developer";
				DEVELOPMENT_TEAM = 4EYK9HTWPJ;
				INFOPLIST_FILE = VKAlertView/Info.plist;
				LD_RUNPATH_SEARCH_PATHS = "$(inherited) @executable_path/Frameworks";
				PRODUCT_BUNDLE_IDENTIFIER = com.vindod.demo.VKAlertView;
				PRODUCT_NAME = "$(TARGET_NAME)";
				SWIFT_VERSION = 3.0;
			};
			name = Debug;
		};
		3A345CFF1F72998200D63C0F /* Release */ = {
			isa = XCBuildConfiguration;
			buildSettings = {
				ASSETCATALOG_COMPILER_APPICON_NAME = AppIcon;
				"CODE_SIGN_IDENTITY[sdk=iphoneos*]" = "iPhone Developer";
				DEVELOPMENT_TEAM = 4EYK9HTWPJ;
				INFOPLIST_FILE = VKAlertView/Info.plist;
				LD_RUNPATH_SEARCH_PATHS = "$(inherited) @executable_path/Frameworks";
				PRODUCT_BUNDLE_IDENTIFIER = com.vindod.demo.VKAlertView;
				PRODUCT_NAME = "$(TARGET_NAME)";
				SWIFT_VERSION = 3.0;
			};
			name = Release;
		};
		3A345D0E1F72A06200D63C0F /* Debug */ = {
			isa = XCBuildConfiguration;
			buildSettings = {
				BUNDLE_LOADER = "$(TEST_HOST)";
				INFOPLIST_FILE = VKAlertViewTests/Info.plist;
				LD_RUNPATH_SEARCH_PATHS = "$(inherited) @executable_path/Frameworks @loader_path/Frameworks";
				PRODUCT_BUNDLE_IDENTIFIER = com.vindod.demo.VKAlertViewTests;
				PRODUCT_NAME = "$(TARGET_NAME)";
				SWIFT_VERSION = 3.0;
				TEST_HOST = "$(BUILT_PRODUCTS_DIR)/VKAlertView.app/VKAlertView";
			};
			name = Debug;
		};
		3A345D0F1F72A06200D63C0F /* Release */ = {
			isa = XCBuildConfiguration;
			buildSettings = {
				BUNDLE_LOADER = "$(TEST_HOST)";
				INFOPLIST_FILE = VKAlertViewTests/Info.plist;
				LD_RUNPATH_SEARCH_PATHS = "$(inherited) @executable_path/Frameworks @loader_path/Frameworks";
				PRODUCT_BUNDLE_IDENTIFIER = com.vindod.demo.VKAlertViewTests;
				PRODUCT_NAME = "$(TARGET_NAME)";
				SWIFT_VERSION = 3.0;
				TEST_HOST = "$(BUILT_PRODUCTS_DIR)/VKAlertView.app/VKAlertView";
			};
			name = Release;
		};
/* End XCBuildConfiguration section */

/* Begin XCConfigurationList section */
		3A345CE61F72998200D63C0F /* Build configuration list for PBXProject "VKAlertView" */ = {
			isa = XCConfigurationList;
			buildConfigurations = (
				3A345CFB1F72998200D63C0F /* Debug */,
				3A345CFC1F72998200D63C0F /* Release */,
			);
			defaultConfigurationIsVisible = 0;
			defaultConfigurationName = Release;
		};
		3A345CFD1F72998200D63C0F /* Build configuration list for PBXNativeTarget "VKAlertView" */ = {
			isa = XCConfigurationList;
			buildConfigurations = (
				3A345CFE1F72998200D63C0F /* Debug */,
				3A345CFF1F72998200D63C0F /* Release */,
			);
			defaultConfigurationIsVisible = 0;
		};
		3A345D0D1F72A06200D63C0F /* Build configuration list for PBXNativeTarget "VKAlertViewTests" */ = {
			isa = XCConfigurationList;
			buildConfigurations = (
				3A345D0E1F72A06200D63C0F /* Debug */,
				3A345D0F1F72A06200D63C0F /* Release */,
			);
			defaultConfigurationIsVisible = 0;
		};
/* End XCConfigurationList section */
	};
	rootObject = 3A345CE31F72998200D63C0F /* Project object */;
}
